#MicroXplorer Configuration settings - do not modify
File.Version=6
GPIO.groupedBy=Group By Peripherals
I2C3.IPParameters=Timing
I2C3.Timing=0x10909CEC
KeepUserPlacement=false
Mcu.Family=STM32L4
Mcu.IP0=I2C3
Mcu.IP1=NVIC
Mcu.IP10=TIM8
Mcu.IP11=TIM15
Mcu.IP12=TIM16
Mcu.IP13=TIM17
Mcu.IP14=USART2
Mcu.IP2=QUADSPI
Mcu.IP3=RCC
Mcu.IP4=SPI2
Mcu.IP5=SYS
Mcu.IP6=TIM1
Mcu.IP7=TIM2
Mcu.IP8=TIM3
Mcu.IP9=TIM4
Mcu.IPNb=15
Mcu.Name=STM32L476V(C-E-G)Tx
Mcu.Package=LQFP100
Mcu.Pin0=PE3
Mcu.Pin1=PE4
Mcu.Pin10=PA5
Mcu.Pin11=PA6
Mcu.Pin12=PA7
Mcu.Pin13=PB0
Mcu.Pin14=PB1
Mcu.Pin15=PE8
Mcu.Pin16=PE9
Mcu.Pin17=PE10
Mcu.Pin18=PE11
Mcu.Pin19=PE12
Mcu.Pin2=PH0-OSC_IN (PH0)
Mcu.Pin20=PE13
Mcu.Pin21=PB10
Mcu.Pin22=PB11
Mcu.Pin23=PB14
Mcu.Pin24=PB15
Mcu.Pin25=PD12
Mcu.Pin26=PD13
Mcu.Pin27=PD14
Mcu.Pin28=PD15
Mcu.Pin29=PC6
Mcu.Pin3=PH1-OSC_OUT (PH1)
Mcu.Pin30=PC7
Mcu.Pin31=PC8
Mcu.Pin32=PA13 (JTMS-SWDIO)
Mcu.Pin33=PA14 (JTCK-SWCLK)
Mcu.Pin34=PD1
Mcu.Pin35=PD3
Mcu.Pin36=PD4
Mcu.Pin37=PD5
Mcu.Pin38=PD6
Mcu.Pin39=PB3 (JTDO-TRACESWO)
Mcu.Pin4=PC0
Mcu.Pin40=PB6
Mcu.Pin41=PB8
Mcu.Pin42=PB9
Mcu.Pin43=VP_SYS_VS_Systick
Mcu.Pin44=VP_TIM1_VS_ClockSourceINT
Mcu.Pin45=VP_TIM16_VS_ClockSourceINT
Mcu.Pin46=VP_TIM17_VS_ClockSourceINT
Mcu.Pin5=PC1
Mcu.Pin6=PA0
Mcu.Pin7=PA1
Mcu.Pin8=PA2
Mcu.Pin9=PA3
Mcu.PinsNb=47
Mcu.ThirdPartyNb=0
Mcu.UserConstants=
Mcu.UserName=STM32L476VGTx
MxCube.Version=6.0.0
MxDb.Version=DB.6.0.0
NVIC.BusFault_IRQn=true\:0\:0\:false\:false\:true\:false\:false
NVIC.DebugMonitor_IRQn=true\:0\:0\:false\:false\:true\:false\:false
NVIC.ForceEnableDMAVector=true
NVIC.HardFault_IRQn=true\:0\:0\:false\:false\:true\:false\:false
NVIC.MemoryManagement_IRQn=true\:0\:0\:false\:false\:true\:false\:false
NVIC.NonMaskableInt_IRQn=true\:0\:0\:false\:false\:true\:false\:false
NVIC.PendSV_IRQn=true\:0\:0\:false\:false\:true\:false\:false
NVIC.PriorityGroup=NVIC_PRIORITYGROUP_4
NVIC.SVCall_IRQn=true\:0\:0\:false\:false\:true\:false\:false
NVIC.SysTick_IRQn=true\:0\:0\:false\:false\:true\:false\:true
NVIC.UsageFault_IRQn=true\:0\:0\:false\:false\:true\:false\:false
PA0.Locked=true
PA0.Signal=S_TIM2_CH1
PA1.Locked=true
PA1.Signal=S_TIM2_CH2
PA13\ (JTMS-SWDIO).Locked=true
PA13\ (JTMS-SWDIO).Mode=Trace_Asynchronous_SW
PA13\ (JTMS-SWDIO).Signal=SYS_JTMS-SWDIO
PA14\ (JTCK-SWCLK).Locked=true
PA14\ (JTCK-SWCLK).Mode=Trace_Asynchronous_SW
PA14\ (JTCK-SWCLK).Signal=SYS_JTCK-SWCLK
PA2.Locked=true
PA2.Signal=S_TIM15_CH1
PA3.Locked=true
PA3.Signal=S_TIM15_CH2
PA5.Locked=true
PA5.Mode=Output Compare1 CH1 CH1N
PA5.Signal=TIM8_CH1N
PA6.Locked=true
PA6.Mode=Single Bank
PA6.Signal=QUADSPI_BK1_IO3
PA7.Locked=true
PA7.Mode=Single Bank
PA7.Signal=QUADSPI_BK1_IO2
PB0.Locked=true
PB0.Mode=Single Bank
PB0.Signal=QUADSPI_BK1_IO1
PB1.Locked=true
PB1.Mode=Single Bank
PB1.Signal=QUADSPI_BK1_IO0
PB10.Locked=true
PB10.Mode=Single Bank
PB10.Signal=QUADSPI_CLK
PB11.Locked=true
PB11.Mode=Single Bank
PB11.Signal=QUADSPI_NCS
PB14.Locked=true
PB14.Mode=Output Compare2 CH2 CH2N
PB14.Signal=TIM8_CH2N
PB15.Locked=true
PB15.Mode=Output Compare3 CH3 CH3N
PB15.Signal=TIM8_CH3N
PB3\ (JTDO-TRACESWO).Locked=true
PB3\ (JTDO-TRACESWO).Mode=Trace_Asynchronous_SW
PB3\ (JTDO-TRACESWO).Signal=SYS_JTDO-SWO
PB6.Mode=PWM Generation1 CH1 CH1N
PB6.Signal=TIM16_CH1N
PB8.Locked=true
PB8.Signal=S_TIM16_CH1
PB9.Locked=true
PB9.Signal=S_TIM17_CH1
PC0.Mode=I2C
PC0.Signal=I2C3_SCL
PC1.Mode=I2C
PC1.Signal=I2C3_SDA
PC6.Locked=true
PC6.Signal=S_TIM8_CH1
PC7.Locked=true
PC7.Signal=S_TIM8_CH2
PC8.Locked=true
PC8.Signal=S_TIM8_CH3
PD1.Locked=true
PD1.Mode=Full_Duplex_Master
PD1.Signal=SPI2_SCK
PD12.Locked=true
PD12.Signal=S_TIM4_CH1
PD13.Locked=true
PD13.Signal=S_TIM4_CH2
PD14.Locked=true
PD14.Signal=S_TIM4_CH3
PD15.Locked=true
PD15.Signal=S_TIM4_CH4
PD3.Locked=true
PD3.Mode=Full_Duplex_Master
PD3.Signal=SPI2_MISO
PD4.Locked=true
PD4.Mode=Full_Duplex_Master
PD4.Signal=SPI2_MOSI
PD5.Locked=true
PD5.Mode=Asynchronous
PD5.Signal=USART2_TX
PD6.Locked=true
PD6.Mode=Asynchronous
PD6.Signal=USART2_RX
PE10.Locked=true
PE10.Mode=PWM Generation2 CH2 CH2N
PE10.Signal=TIM1_CH2N
PE11.Locked=true
PE11.Signal=S_TIM1_CH2
PE12.Locked=true
PE12.Mode=Output Compare3 CH3 CH3N
PE12.Signal=TIM1_CH3N
PE13.Locked=true
PE13.Signal=S_TIM1_CH3
PE3.Locked=true
PE3.Signal=S_TIM3_CH1
PE4.Locked=true
PE4.Signal=S_TIM3_CH2
PE8.Locked=true
PE8.Mode=PWM Generation1 CH1 CH1N
PE8.Signal=TIM1_CH1N
PE9.Locked=true
PE9.Signal=S_TIM1_CH1
PH0-OSC_IN\ (PH0).Locked=true
PH0-OSC_IN\ (PH0).Mode=HSE-External-Oscillator
PH0-OSC_IN\ (PH0).Signal=RCC_OSC_IN
PH1-OSC_OUT\ (PH1).Locked=true
PH1-OSC_OUT\ (PH1).Mode=HSE-External-Oscillator
PH1-OSC_OUT\ (PH1).Signal=RCC_OSC_OUT
PinOutPanel.RotationAngle=0
ProjectManager.AskForMigrate=true
ProjectManager.BackupPrevious=false
ProjectManager.CompilerOptimize=6
ProjectManager.ComputerToolchain=false
ProjectManager.CoupleFile=false
ProjectManager.CustomerFirmwarePackage=
ProjectManager.DefaultFWLocation=true
ProjectManager.DeletePrevious=true
ProjectManager.DeviceId=STM32L476VGTx
ProjectManager.FirmwarePackage=STM32Cube FW_L4 V1.16.0
ProjectManager.FreePins=false
ProjectManager.HalAssertFull=false
ProjectManager.HeapSize=0x200
ProjectManager.KeepUserCode=true
ProjectManager.LastFirmware=true
ProjectManager.LibraryCopy=0
ProjectManager.MainLocation=Core/Src
ProjectManager.NoMain=false
ProjectManager.PreviousToolchain=
ProjectManager.ProjectBuild=false
ProjectManager.ProjectFileName=defis_solaire_v4.ioc
ProjectManager.ProjectName=defis_solaire_v4
ProjectManager.RegisterCallBack=
ProjectManager.StackSize=0x400
ProjectManager.TargetToolchain=EWARM V8.32
ProjectManager.ToolChainLocation=
ProjectManager.UnderRoot=false
ProjectManager.functionlistsort=1-MX_GPIO_Init-GPIO-false-HAL-true,2-SystemClock_Config-RCC-false-HAL-false,3-MX_TIM1_Init-TIM1-false-HAL-true,4-MX_TIM2_Init-TIM2-false-HAL-true,5-MX_TIM3_Init-TIM3-false-HAL-true,6-MX_TIM8_Init-TIM8-false-HAL-true,7-MX_USART2_UART_Init-USART2-false-HAL-true,8-MX_TIM4_Init-TIM4-false-HAL-true,9-MX_TIM15_Init-TIM15-false-HAL-true,10-MX_QUADSPI_Init-QUADSPI-false-HAL-true,11-MX_TIM16_Init-TIM16-false-HAL-true,12-MX_TIM17_Init-TIM17-false-HAL-true,13-MX_I2C3_Init-I2C3-false-HAL-true
RCC.ADCFreq_Value=32000000
RCC.AHBFreq_Value=80000000
RCC.APB1Freq_Value=80000000
RCC.APB1TimFreq_Value=80000000
RCC.APB2Freq_Value=80000000
RCC.APB2TimFreq_Value=80000000
RCC.CortexFreq_Value=80000000
RCC.DFSDMFreq_Value=80000000
RCC.FCLKCortexFreq_Value=80000000
RCC.FamilyName=M
RCC.HCLKFreq_Value=80000000
RCC.HSE_VALUE=8000000
RCC.HSI_VALUE=16000000
RCC.I2C1Freq_Value=80000000
RCC.I2C2Freq_Value=80000000
RCC.I2C3Freq_Value=80000000
RCC.IPParameters=ADCFreq_Value,AHBFreq_Value,APB1Freq_Value,APB1TimFreq_Value,APB2Freq_Value,APB2TimFreq_Value,CortexFreq_Value,DFSDMFreq_Value,FCLKCortexFreq_Value,FamilyName,HCLKFreq_Value,HSE_VALUE,HSI_VALUE,I2C1Freq_Value,I2C2Freq_Value,I2C3Freq_Value,LPTIM1Freq_Value,LPTIM2Freq_Value,LPUART1Freq_Value,LSCOPinFreq_Value,LSE_VALUE,LSI_VALUE,MCO1PinFreq_Value,MSI_VALUE,PLLN,PLLPoutputFreq_Value,PLLQoutputFreq_Value,PLLRCLKFreq_Value,PLLSAI1PoutputFreq_Value,PLLSAI1QoutputFreq_Value,PLLSAI1RoutputFreq_Value,PLLSAI2PoutputFreq_Value,PLLSAI2RoutputFreq_Value,PLLSourceVirtual,PWRFreq_Value,RNGFreq_Value,SAI1Freq_Value,SAI2Freq_Value,SDMMCFreq_Value,SWPMI1Freq_Value,SYSCLKFreq_VALUE,SYSCLKSource,UART4Freq_Value,UART5Freq_Value,USART1Freq_Value,USART2Freq_Value,USART3Freq_Value,USBFreq_Value,VCOInputFreq_Value,VCOOutputFreq_Value,VCOSAI1OutputFreq_Value,VCOSAI2OutputFreq_Value
RCC.LPTIM1Freq_Value=80000000
RCC.LPTIM2Freq_Value=80000000
RCC.LPUART1Freq_Value=80000000
RCC.LSCOPinFreq_Value=32000
RCC.LSE_VALUE=32768
RCC.LSI_VALUE=32000
RCC.MCO1PinFreq_Value=80000000
RCC.MSI_VALUE=4000000
RCC.PLLN=20
RCC.PLLPoutputFreq_Value=22857142.85714286
RCC.PLLQoutputFreq_Value=80000000
RCC.PLLRCLKFreq_Value=80000000
RCC.PLLSAI1PoutputFreq_Value=9142857.142857144
RCC.PLLSAI1QoutputFreq_Value=32000000
RCC.PLLSAI1RoutputFreq_Value=32000000
RCC.PLLSAI2PoutputFreq_Value=9142857.142857144
RCC.PLLSAI2RoutputFreq_Value=32000000
RCC.PLLSourceVirtual=RCC_PLLSOURCE_HSE
RCC.PWRFreq_Value=80000000
RCC.RNGFreq_Value=32000000
RCC.SAI1Freq_Value=9142857.142857144
RCC.SAI2Freq_Value=9142857.142857144
RCC.SDMMCFreq_Value=32000000
RCC.SWPMI1Freq_Value=80000000
RCC.SYSCLKFreq_VALUE=80000000
RCC.SYSCLKSource=RCC_SYSCLKSOURCE_PLLCLK
RCC.UART4Freq_Value=80000000
RCC.UART5Freq_Value=80000000
RCC.USART1Freq_Value=80000000
RCC.USART2Freq_Value=80000000
RCC.USART3Freq_Value=80000000
RCC.USBFreq_Value=32000000
RCC.VCOInputFreq_Value=8000000
RCC.VCOOutputFreq_Value=160000000
RCC.VCOSAI1OutputFreq_Value=64000000
RCC.VCOSAI2OutputFreq_Value=64000000
SH.S_TIM15_CH1.0=TIM15_CH1,Input_Capture1_from_TI1
SH.S_TIM15_CH1.ConfNb=1
SH.S_TIM15_CH2.0=TIM15_CH2,Input_Capture2_from_TI2
SH.S_TIM15_CH2.ConfNb=1
SH.S_TIM16_CH1.0=TIM16_CH1,PWM Generation1 CH1 CH1N
SH.S_TIM16_CH1.ConfNb=1
SH.S_TIM17_CH1.0=TIM17_CH1,Output Compare1 CH1
SH.S_TIM17_CH1.ConfNb=1
SH.S_TIM1_CH1.0=TIM1_CH1,PWM Generation1 CH1 CH1N
SH.S_TIM1_CH1.ConfNb=1
SH.S_TIM1_CH2.0=TIM1_CH2,PWM Generation2 CH2 CH2N
SH.S_TIM1_CH2.ConfNb=1
SH.S_TIM1_CH3.0=TIM1_CH3,Output Compare3 CH3 CH3N
SH.S_TIM1_CH3.ConfNb=1
SH.S_TIM2_CH1.0=TIM2_CH1,Encoder_Interface
SH.S_TIM2_CH1.ConfNb=1
SH.S_TIM2_CH2.0=TIM2_CH2,Encoder_Interface
SH.S_TIM2_CH2.ConfNb=1
SH.S_TIM3_CH1.0=TIM3_CH1,Encoder_Interface
SH.S_TIM3_CH1.ConfNb=1
SH.S_TIM3_CH2.0=TIM3_CH2,Encoder_Interface
SH.S_TIM3_CH2.ConfNb=1
SH.S_TIM4_CH1.0=TIM4_CH1,Input_Capture1_from_TI1
SH.S_TIM4_CH1.ConfNb=1
SH.S_TIM4_CH2.0=TIM4_CH2,Input_Capture2_from_TI2
SH.S_TIM4_CH2.ConfNb=1
SH.S_TIM4_CH3.0=TIM4_CH3,Input_Capture3_from_TI3
SH.S_TIM4_CH3.ConfNb=1
SH.S_TIM4_CH4.0=TIM4_CH4,Input_Capture4_from_TI4
SH.S_TIM4_CH4.ConfNb=1
SH.S_TIM8_CH1.0=TIM8_CH1,Output Compare1 CH1 CH1N
SH.S_TIM8_CH1.ConfNb=1
SH.S_TIM8_CH2.0=TIM8_CH2,Output Compare2 CH2 CH2N
SH.S_TIM8_CH2.ConfNb=1
SH.S_TIM8_CH3.0=TIM8_CH3,Output Compare3 CH3 CH3N
SH.S_TIM8_CH3.ConfNb=1
SPI2.CalculateBaudRate=40.0 MBits/s
SPI2.Direction=SPI_DIRECTION_2LINES
SPI2.IPParameters=VirtualType,Mode,Direction,CalculateBaudRate
SPI2.Mode=SPI_MODE_MASTER
SPI2.VirtualType=VM_MASTER
TIM1.Channel-Output\ Compare3\ CH3\ CH3N=TIM_CHANNEL_3
TIM1.Channel-PWM\ Generation1\ CH1\ CH1N=TIM_CHANNEL_1
TIM1.Channel-PWM\ Generation2\ CH2\ CH2N=TIM_CHANNEL_2
TIM1.IPParameters=Channel-Output Compare3 CH3 CH3N,Channel-PWM Generation2 CH2 CH2N,Channel-PWM Generation1 CH1 CH1N
TIM15.Channel-Input_Capture1_from_TI1=TIM_CHANNEL_1
TIM15.Channel-Input_Capture2_from_TI2=TIM_CHANNEL_2
TIM15.IPParameters=Channel-Input_Capture1_from_TI1,Channel-Input_Capture2_from_TI2
TIM16.Channel=TIM_CHANNEL_1
TIM16.IPParameters=Channel
TIM17.Channel=TIM_CHANNEL_1
TIM17.IPParameters=Channel
TIM4.Channel-Input_Capture1_from_TI1=TIM_CHANNEL_1
TIM4.Channel-Input_Capture2_from_TI2=TIM_CHANNEL_2
TIM4.Channel-Input_Capture3_from_TI3=TIM_CHANNEL_3
TIM4.Channel-Input_Capture4_from_TI4=TIM_CHANNEL_4
TIM4.IPParameters=Channel-Input_Capture1_from_TI1,Channel-Input_Capture2_from_TI2,Channel-Input_Capture3_from_TI3,Channel-Input_Capture4_from_TI4
TIM8.Channel-Output\ Compare1\ CH1\ CH1N=TIM_CHANNEL_1
TIM8.Channel-Output\ Compare2\ CH2\ CH2N=TIM_CHANNEL_2
TIM8.Channel-Output\ Compare3\ CH3\ CH3N=TIM_CHANNEL_3
TIM8.IPParameters=Channel-Output Compare1 CH1 CH1N,Channel-Output Compare2 CH2 CH2N,Channel-Output Compare3 CH3 CH3N
USART2.IPParameters=VirtualMode-Asynchronous
USART2.VirtualMode-Asynchronous=VM_ASYNC
VP_SYS_VS_Systick.Mode=SysTick
VP_SYS_VS_Systick.Signal=SYS_VS_Systick
VP_TIM16_VS_ClockSourceINT.Mode=Enable_Timer
VP_TIM16_VS_ClockSourceINT.Signal=TIM16_VS_ClockSourceINT
VP_TIM17_VS_ClockSourceINT.Mode=Enable_Timer
VP_TIM17_VS_ClockSourceINT.Signal=TIM17_VS_ClockSourceINT
VP_TIM1_VS_ClockSourceINT.Mode=Internal
VP_TIM1_VS_ClockSourceINT.Signal=TIM1_VS_ClockSourceINT
board=custom
